
Microsoft Visual Studio Solution File, Format Version 12.00
# Visual Studio Version 17
VisualStudioVersion = 17.11.35222.181
MinimumVisualStudioVersion = 10.0.40219.1
Project("{FAE04EC0-301F-11D3-BF4B-00C04F79EFBC}") = "TrainerPlanner", "TrainerPlanner\TrainerPlanner.csproj", "{EB68A9AA-63D5-4E9B-BD1A-9F2C129D706E}"
EndProject
Global
	GlobalSection(SolutionConfigurationPlatforms) = preSolution
		Debug|Any CPU = Debug|Any CPU
		Release|Any CPU = Release|Any CPU
	EndGlobalSection
	GlobalSection(ProjectConfigurationPlatforms) = postSolution
		{EB68A9AA-63D5-4E9B-BD1A-9F2C129D706E}.Debug|Any CPU.ActiveCfg = Debug|Any CPU
		{EB68A9AA-63D5-4E9B-BD1A-9F2C129D706E}.Debug|Any CPU.Build.0 = Debug|Any CPU
		{EB68A9AA-63D5-4E9B-BD1A-9F2C129D706E}.Release|Any CPU.ActiveCfg = Release|Any CPU
		{EB68A9AA-63D5-4E9B-BD1A-9F2C129D706E}.Release|Any CPU.Build.0 = Release|Any CPU
	EndGlobalSection
	GlobalSection(SolutionProperties) = preSolution
		HideSolutionNode = FALSE
	EndGlobalSection
	GlobalSection(ExtensibilityGlobals) = postSolution
		SolutionGuid = {1AE4C527-9A94-47F2-A07F-E821CDE2E8FF}
	EndGlobalSection
EndGlobal
